
Microsoft Visual Studio Solution File, Format Version 12.00
# Visual Studio 2012
Project("{FAE04EC0-301F-11D3-BF4B-00C04F79EFBC}") = "udpTextClient", "udpClient\udpTextClient.csproj", "{956775FF-9F58-44E1-940D-1D5C934E750F}"
EndProject
Project("{FAE04EC0-301F-11D3-BF4B-00C04F79EFBC}") = "udpSenderPOC", "udpSenderPOC\udpSenderPOC.csproj", "{999928CC-ADBE-4689-B94B-862387EF2085}"
EndProject
Global
	GlobalSection(SolutionConfigurationPlatforms) = preSolution
		Debug|Any CPU = Debug|Any CPU
		Release|Any CPU = Release|Any CPU
	EndGlobalSection
	GlobalSection(ProjectConfigurationPlatforms) = postSolution
		{956775FF-9F58-44E1-940D-1D5C934E750F}.Debug|Any CPU.ActiveCfg = Debug|Any CPU
		{956775FF-9F58-44E1-940D-1D5C934E750F}.Debug|Any CPU.Build.0 = Debug|Any CPU
		{956775FF-9F58-44E1-940D-1D5C934E750F}.Release|Any CPU.ActiveCfg = Release|Any CPU
		{956775FF-9F58-44E1-940D-1D5C934E750F}.Release|Any CPU.Build.0 = Release|Any CPU
		{999928CC-ADBE-4689-B94B-862387EF2085}.Debug|Any CPU.ActiveCfg = Debug|Any CPU
		{999928CC-ADBE-4689-B94B-862387EF2085}.Debug|Any CPU.Build.0 = Debug|Any CPU
		{999928CC-ADBE-4689-B94B-862387EF2085}.Release|Any CPU.ActiveCfg = Release|Any CPU
		{999928CC-ADBE-4689-B94B-862387EF2085}.Release|Any CPU.Build.0 = Release|Any CPU
	EndGlobalSection
	GlobalSection(SolutionProperties) = preSolution
		HideSolutionNode = FALSE
	EndGlobalSection
EndGlobal
