
Microsoft Visual Studio Solution File, Format Version 12.00
# Visual Studio 2012
Project("{FAE04EC0-301F-11D3-BF4B-00C04F79EFBC}") = "commSockServer", "commSockServer\commSockServer.csproj", "{C3252112-2FAD-46F9-A34A-609185A67747}"
EndProject
Project("{FAE04EC0-301F-11D3-BF4B-00C04F79EFBC}") = "StringSocket", "StringSocket\StringSocket.csproj", "{F405A51D-0582-4E33-819F-0D71D90FCFA6}"
EndProject
Project("{FAE04EC0-301F-11D3-BF4B-00C04F79EFBC}") = "ChatClientModel", "ChatClientModel\ChatClientModel.csproj", "{4F52014D-F19E-4830-B338-34EBE169F103}"
EndProject
Project("{FAE04EC0-301F-11D3-BF4B-00C04F79EFBC}") = "commSockReceiver Tester", "commSockReceiver Tester\commSockReceiver Tester.csproj", "{57754EEB-E24C-48E7-85AE-3C7E1359D26E}"
EndProject
Global
	GlobalSection(SolutionConfigurationPlatforms) = preSolution
		Debug|Any CPU = Debug|Any CPU
		Release|Any CPU = Release|Any CPU
	EndGlobalSection
	GlobalSection(ProjectConfigurationPlatforms) = postSolution
		{C3252112-2FAD-46F9-A34A-609185A67747}.Debug|Any CPU.ActiveCfg = Debug|Any CPU
		{C3252112-2FAD-46F9-A34A-609185A67747}.Debug|Any CPU.Build.0 = Debug|Any CPU
		{C3252112-2FAD-46F9-A34A-609185A67747}.Release|Any CPU.ActiveCfg = Release|Any CPU
		{C3252112-2FAD-46F9-A34A-609185A67747}.Release|Any CPU.Build.0 = Release|Any CPU
		{F405A51D-0582-4E33-819F-0D71D90FCFA6}.Debug|Any CPU.ActiveCfg = Debug|Any CPU
		{F405A51D-0582-4E33-819F-0D71D90FCFA6}.Debug|Any CPU.Build.0 = Debug|Any CPU
		{F405A51D-0582-4E33-819F-0D71D90FCFA6}.Release|Any CPU.ActiveCfg = Release|Any CPU
		{F405A51D-0582-4E33-819F-0D71D90FCFA6}.Release|Any CPU.Build.0 = Release|Any CPU
		{4F52014D-F19E-4830-B338-34EBE169F103}.Debug|Any CPU.ActiveCfg = Debug|Any CPU
		{4F52014D-F19E-4830-B338-34EBE169F103}.Debug|Any CPU.Build.0 = Debug|Any CPU
		{4F52014D-F19E-4830-B338-34EBE169F103}.Release|Any CPU.ActiveCfg = Release|Any CPU
		{4F52014D-F19E-4830-B338-34EBE169F103}.Release|Any CPU.Build.0 = Release|Any CPU
		{57754EEB-E24C-48E7-85AE-3C7E1359D26E}.Debug|Any CPU.ActiveCfg = Debug|Any CPU
		{57754EEB-E24C-48E7-85AE-3C7E1359D26E}.Debug|Any CPU.Build.0 = Debug|Any CPU
		{57754EEB-E24C-48E7-85AE-3C7E1359D26E}.Release|Any CPU.ActiveCfg = Release|Any CPU
		{57754EEB-E24C-48E7-85AE-3C7E1359D26E}.Release|Any CPU.Build.0 = Release|Any CPU
	EndGlobalSection
	GlobalSection(SolutionProperties) = preSolution
		HideSolutionNode = FALSE
	EndGlobalSection
EndGlobal
