
Microsoft Visual Studio Solution File, Format Version 12.00
# Visual Studio 2012
Project("{FAE04EC0-301F-11D3-BF4B-00C04F79EFBC}") = "ROCInfo Tester", "ROCInfo Tester\ROCInfo Tester.csproj", "{109D043F-DC02-431A-9A5B-5598C60C0E6E}"
EndProject
Project("{FAE04EC0-301F-11D3-BF4B-00C04F79EFBC}") = "ROC infoTools", "ROC infoTools\ROC infoTools.csproj", "{C59C0A70-10DB-406C-94B8-79B2253A3F42}"
EndProject
Global
	GlobalSection(SolutionConfigurationPlatforms) = preSolution
		Debug|Any CPU = Debug|Any CPU
		Release|Any CPU = Release|Any CPU
	EndGlobalSection
	GlobalSection(ProjectConfigurationPlatforms) = postSolution
		{109D043F-DC02-431A-9A5B-5598C60C0E6E}.Debug|Any CPU.ActiveCfg = Debug|Any CPU
		{109D043F-DC02-431A-9A5B-5598C60C0E6E}.Debug|Any CPU.Build.0 = Debug|Any CPU
		{109D043F-DC02-431A-9A5B-5598C60C0E6E}.Release|Any CPU.ActiveCfg = Release|Any CPU
		{109D043F-DC02-431A-9A5B-5598C60C0E6E}.Release|Any CPU.Build.0 = Release|Any CPU
		{C59C0A70-10DB-406C-94B8-79B2253A3F42}.Debug|Any CPU.ActiveCfg = Debug|Any CPU
		{C59C0A70-10DB-406C-94B8-79B2253A3F42}.Debug|Any CPU.Build.0 = Debug|Any CPU
		{C59C0A70-10DB-406C-94B8-79B2253A3F42}.Release|Any CPU.ActiveCfg = Release|Any CPU
		{C59C0A70-10DB-406C-94B8-79B2253A3F42}.Release|Any CPU.Build.0 = Release|Any CPU
	EndGlobalSection
	GlobalSection(SolutionProperties) = preSolution
		HideSolutionNode = FALSE
	EndGlobalSection
EndGlobal
