
Microsoft Visual Studio Solution File, Format Version 12.00
# Visual Studio 2012
Project("{FAE04EC0-301F-11D3-BF4B-00C04F79EFBC}") = "panTiltDev", "panTiltDev\panTiltDev.csproj", "{9B9538D3-EF16-4A89-837E-FB57BDCB61C0}"
EndProject
Project("{FAE04EC0-301F-11D3-BF4B-00C04F79EFBC}") = "OculusOrientationLibrary", "OculusOrientation\OculusOrientationLibrary.csproj", "{EF2DBAA7-4C19-4DF9-9C18-5F5ADB4D2D53}"
EndProject
Project("{FAE04EC0-301F-11D3-BF4B-00C04F79EFBC}") = "ArduinoLibrary", "ArduinoLibrary\ArduinoLibrary.csproj", "{CD1400A5-F47E-4CFC-BA4B-458A6D47E6E9}"
EndProject
Project("{FAE04EC0-301F-11D3-BF4B-00C04F79EFBC}") = "commFeedViz", "commFeedViz\commFeedViz.csproj", "{F470B85F-598A-4002-8191-111E9565F239}"
EndProject
Project("{FAE04EC0-301F-11D3-BF4B-00C04F79EFBC}") = "dualCameraViewer", "dualCameraViewr\dualCameraViewer.csproj", "{DECFAC7A-0A29-472A-A43D-E4FBC70B6829}"
EndProject
Global
	GlobalSection(SolutionConfigurationPlatforms) = preSolution
		Debug|Any CPU = Debug|Any CPU
		Release|Any CPU = Release|Any CPU
	EndGlobalSection
	GlobalSection(ProjectConfigurationPlatforms) = postSolution
		{9B9538D3-EF16-4A89-837E-FB57BDCB61C0}.Debug|Any CPU.ActiveCfg = Debug|Any CPU
		{9B9538D3-EF16-4A89-837E-FB57BDCB61C0}.Debug|Any CPU.Build.0 = Debug|Any CPU
		{9B9538D3-EF16-4A89-837E-FB57BDCB61C0}.Release|Any CPU.ActiveCfg = Release|Any CPU
		{9B9538D3-EF16-4A89-837E-FB57BDCB61C0}.Release|Any CPU.Build.0 = Release|Any CPU
		{EF2DBAA7-4C19-4DF9-9C18-5F5ADB4D2D53}.Debug|Any CPU.ActiveCfg = Debug|Any CPU
		{EF2DBAA7-4C19-4DF9-9C18-5F5ADB4D2D53}.Debug|Any CPU.Build.0 = Debug|Any CPU
		{EF2DBAA7-4C19-4DF9-9C18-5F5ADB4D2D53}.Release|Any CPU.ActiveCfg = Release|Any CPU
		{EF2DBAA7-4C19-4DF9-9C18-5F5ADB4D2D53}.Release|Any CPU.Build.0 = Release|Any CPU
		{CD1400A5-F47E-4CFC-BA4B-458A6D47E6E9}.Debug|Any CPU.ActiveCfg = Debug|Any CPU
		{CD1400A5-F47E-4CFC-BA4B-458A6D47E6E9}.Debug|Any CPU.Build.0 = Debug|Any CPU
		{CD1400A5-F47E-4CFC-BA4B-458A6D47E6E9}.Release|Any CPU.ActiveCfg = Release|Any CPU
		{CD1400A5-F47E-4CFC-BA4B-458A6D47E6E9}.Release|Any CPU.Build.0 = Release|Any CPU
		{F470B85F-598A-4002-8191-111E9565F239}.Debug|Any CPU.ActiveCfg = Debug|Any CPU
		{F470B85F-598A-4002-8191-111E9565F239}.Debug|Any CPU.Build.0 = Debug|Any CPU
		{F470B85F-598A-4002-8191-111E9565F239}.Release|Any CPU.ActiveCfg = Release|Any CPU
		{F470B85F-598A-4002-8191-111E9565F239}.Release|Any CPU.Build.0 = Release|Any CPU
		{DECFAC7A-0A29-472A-A43D-E4FBC70B6829}.Debug|Any CPU.ActiveCfg = Debug|Any CPU
		{DECFAC7A-0A29-472A-A43D-E4FBC70B6829}.Debug|Any CPU.Build.0 = Debug|Any CPU
		{DECFAC7A-0A29-472A-A43D-E4FBC70B6829}.Release|Any CPU.ActiveCfg = Release|Any CPU
		{DECFAC7A-0A29-472A-A43D-E4FBC70B6829}.Release|Any CPU.Build.0 = Release|Any CPU
	EndGlobalSection
	GlobalSection(SolutionProperties) = preSolution
		HideSolutionNode = FALSE
	EndGlobalSection
EndGlobal
